
Microsoft Visual Studio Solution File, Format Version 12.00
# Visual Studio Version 16
VisualStudioVersion = 16.0.34114.132
MinimumVisualStudioVersion = 10.0.40219.1
Project("{FAE04EC0-301F-11D3-BF4B-00C04F79EFBC}") = "naimenshiystoimosty", "naimenshiystoimosty\naimenshiystoimosty.csproj", "{ACD71A2C-5571-4F5E-A866-676C0C4B39F7}"
EndProject
Global
	GlobalSection(SolutionConfigurationPlatforms) = preSolution
		Debug|Any CPU = Debug|Any CPU
		Release|Any CPU = Release|Any CPU
	EndGlobalSection
	GlobalSection(ProjectConfigurationPlatforms) = postSolution
		{ACD71A2C-5571-4F5E-A866-676C0C4B39F7}.Debug|Any CPU.ActiveCfg = Debug|Any CPU
		{ACD71A2C-5571-4F5E-A866-676C0C4B39F7}.Debug|Any CPU.Build.0 = Debug|Any CPU
		{ACD71A2C-5571-4F5E-A866-676C0C4B39F7}.Release|Any CPU.ActiveCfg = Release|Any CPU
		{ACD71A2C-5571-4F5E-A866-676C0C4B39F7}.Release|Any CPU.Build.0 = Release|Any CPU
	EndGlobalSection
	GlobalSection(SolutionProperties) = preSolution
		HideSolutionNode = FALSE
	EndGlobalSection
	GlobalSection(ExtensibilityGlobals) = postSolution
		SolutionGuid = {6458D365-B847-43CA-950F-6756A0D79AE5}
	EndGlobalSection
EndGlobal
